
Microsoft Visual Studio Solution File, Format Version 12.00
# Visual Studio 15
Project("{FAE04EC0-301F-11D3-BF4B-00C04F79EFBC}") = "FirstTest", "FirstTest.csproj", "{929824CA-9763-4E03-8A93-1429FD647C6D}"
EndProject
Global
	GlobalSection(SolutionConfigurationPlatforms) = preSolution
		Debug|Any CPU = Debug|Any CPU
		Release|Any CPU = Release|Any CPU
	EndGlobalSection
	GlobalSection(ProjectConfigurationPlatforms) = postSolution
		{929824CA-9763-4E03-8A93-1429FD647C6D}.Debug|Any CPU.ActiveCfg = Debug|Any CPU
		{929824CA-9763-4E03-8A93-1429FD647C6D}.Debug|Any CPU.Build.0 = Debug|Any CPU
		{929824CA-9763-4E03-8A93-1429FD647C6D}.Release|Any CPU.ActiveCfg = Release|Any CPU
		{929824CA-9763-4E03-8A93-1429FD647C6D}.Release|Any CPU.Build.0 = Release|Any CPU
	EndGlobalSection
EndGlobal
